<Solution>
  <Folder Name="/src/">
    <Project Path="src/CoffeeShop.Api/CoffeeShop.Api.csproj" />
    <Project Path="src/CoffeeShop.Hosting.Embedded/CoffeeShop.Hosting.Embedded.csproj" />
    <Project Path="src/CoffeeShop.Barista.Worker/CoffeeShop.Barista.Worker.csproj" />
    <Project Path="src/CoffeeShop.Kitchen.Worker/CoffeeShop.Kitchen.Worker.csproj" />
    <Project Path="src/CoffeeShop.Contracts/CoffeeShop.Contracts.csproj" />
    <Project Path="src/CoffeeShop.DataGen/CoffeeShop.DataGen.csproj" />
    <Project Path="src/CoffeeShop.IntegrationContracts/CoffeeShop.IntegrationContracts.csproj" />
    <Project Path="src/CoffeeShop.Messaging.Abstractions/CoffeeShop.Messaging.Abstractions.csproj" />
    <Project Path="src/CoffeeShop.Messaging.Dapr/CoffeeShop.Messaging.Dapr.csproj" />
    <Project Path="src/CoffeeShop.Messaging.Kafka/CoffeeShop.Messaging.Kafka.csproj" />
    <Project Path="src/CoffeeShop.Modules.Barista/CoffeeShop.Modules.Barista.csproj" />
    <Project Path="src/CoffeeShop.Modules.Counter/CoffeeShop.Modules.Counter.csproj" />
    <Project Path="src/CoffeeShop.Modules.Kitchen/CoffeeShop.Modules.Kitchen.csproj" />
    <Project Path="src/CoffeeShop.SharedKernel/CoffeeShop.SharedKernel.csproj" />
  </Folder>
  <Folder Name="/tests/">
    <Project Path="tests/CoffeeShop.ArchitectureTests/CoffeeShop.ArchitectureTests.csproj" />
    <Project Path="tests/CoffeeShop.ApiTests/CoffeeShop.ApiTests.csproj" />
    <Project Path="tests/CoffeeShop.ApplicationTests/CoffeeShop.ApplicationTests.csproj" />
    <Project Path="tests/CoffeeShop.DomainTests/CoffeeShop.DomainTests.csproj" />
    <Project Path="tests/CoffeeShop.DataGenTests/CoffeeShop.DataGenTests.csproj" />
    <Project Path="tests/CoffeeShop.IntegrationTests/CoffeeShop.IntegrationTests.csproj" />
    <Project Path="tests/CoffeeShop.Messaging.IntegrationTests/CoffeeShop.Messaging.IntegrationTests.csproj" />
    <Project Path="tests/CoffeeShop.MessagingTests/CoffeeShop.MessagingTests.csproj" />
    <Project Path="tests/CoffeeShop.UnitTests/CoffeeShop.UnitTests.csproj" />
    <Project Path="tests/CoffeeShop.WorkerTests/CoffeeShop.WorkerTests.csproj" />
  </Folder>
</Solution>
