<Solution>
  <Folder Name="/src/">
    <Project Path="src/CoffeeShop.Api/CoffeeShop.Api.csproj" />
    <Project Path="src/CoffeeShop.Contracts/CoffeeShop.Contracts.csproj" />
    <Project Path="src/CoffeeShop.DataGen/CoffeeShop.DataGen.csproj" />
    <Project Path="src/CoffeeShop.Modules.Barista/CoffeeShop.Modules.Barista.csproj" />
    <Project Path="src/CoffeeShop.Modules.Counter/CoffeeShop.Modules.Counter.csproj" />
    <Project Path="src/CoffeeShop.Modules.Kitchen/CoffeeShop.Modules.Kitchen.csproj" />
    <Project Path="src/CoffeeShop.SharedKernel/CoffeeShop.SharedKernel.csproj" />
  </Folder>
  <Folder Name="/tests/">
    <Project Path="tests/CoffeeShop.ArchitectureTests/CoffeeShop.ArchitectureTests.csproj" />
    <Project Path="tests/CoffeeShop.ApiTests/CoffeeShop.ApiTests.csproj" />
    <Project Path="tests/CoffeeShop.ApplicationTests/CoffeeShop.ApplicationTests.csproj" />
    <Project Path="tests/CoffeeShop.DomainTests/CoffeeShop.DomainTests.csproj" />
    <Project Path="tests/CoffeeShop.DataGenTests/CoffeeShop.DataGenTests.csproj" />
    <Project Path="tests/CoffeeShop.IntegrationTests/CoffeeShop.IntegrationTests.csproj" />
    <Project Path="tests/CoffeeShop.UnitTests/CoffeeShop.UnitTests.csproj" />
  </Folder>
</Solution>
